
Microsoft Visual Studio Solution File, Format Version 12.00
# Visual Studio Version 17
VisualStudioVersion = 17.1.32210.238
MinimumVisualStudioVersion = 10.0.40219.1
Project("{FAE04EC0-301F-11D3-BF4B-00C04F79EFBC}") = "лр 2", "лр 2\лр 2.csproj", "{706C712E-E2D5-4B21-84FF-A7C7E506D839}"
EndProject
Global
	GlobalSection(SolutionConfigurationPlatforms) = preSolution
		Debug|Any CPU = Debug|Any CPU
		Release|Any CPU = Release|Any CPU
	EndGlobalSection
	GlobalSection(ProjectConfigurationPlatforms) = postSolution
		{706C712E-E2D5-4B21-84FF-A7C7E506D839}.Debug|Any CPU.ActiveCfg = Debug|Any CPU
		{706C712E-E2D5-4B21-84FF-A7C7E506D839}.Debug|Any CPU.Build.0 = Debug|Any CPU
		{706C712E-E2D5-4B21-84FF-A7C7E506D839}.Release|Any CPU.ActiveCfg = Release|Any CPU
		{706C712E-E2D5-4B21-84FF-A7C7E506D839}.Release|Any CPU.Build.0 = Release|Any CPU
	EndGlobalSection
	GlobalSection(SolutionProperties) = preSolution
		HideSolutionNode = FALSE
	EndGlobalSection
	GlobalSection(ExtensibilityGlobals) = postSolution
		SolutionGuid = {C649942B-FC73-49B0-9422-DF6E62AF507C}
	EndGlobalSection
EndGlobal
